// !$*UTF8*$!
{
	archiveVersion = 1;
	classes = {
	};
	objectVersion = 56;
	objects = {

/* Begin PBXBuildFile section */
		3A6D93CF29E6F15800684108 /* CU_PlaygroundApp.swift in Sources */ = {isa = PBXBuildFile; fileRef = 3A6D93CE29E6F15800684108 /* CU_PlaygroundApp.swift */; };
		3A6D93D129E6F15800684108 /* ContentView.swift in Sources */ = {isa = PBXBuildFile; fileRef = 3A6D93D029E6F15800684108 /* ContentView.swift */; };
		3A6D93D329E6F15900684108 /* Assets.xcassets in Resources */ = {isa = PBXBuildFile; fileRef = 3A6D93D229E6F15900684108 /* Assets.xcassets */; };
/* End PBXBuildFile section */

/* Begin PBXContainerItemProxy section */
		3A6D93DC29E6F15900684108 /* PBXContainerItemProxy */ = {
			isa = PBXContainerItemProxy;
			containerPortal = 3A6D93C329E6F15800684108 /* Project object */;
			proxyType = 1;
			remoteGlobalIDString = 3A6D93CA29E6F15800684108;
			remoteInfo = "CU-Playground";
		};
		3A6D93E629E6F15900684108 /* PBXContainerItemProxy */ = {
			isa = PBXContainerItemProxy;
			containerPortal = 3A6D93C329E6F15800684108 /* Project object */;
			proxyType = 1;
			remoteGlobalIDString = 3A6D93CA29E6F15800684108;
			remoteInfo = "CU-Playground";
		};
/* End PBXContainerItemProxy section */

/* Begin PBXFileReference section */
		3A6D93CB29E6F15800684108 /* CU-Playground.app */ = {isa = PBXFileReference; explicitFileType = wrapper.application; includeInIndex = 0; path = "CU-Playground.app"; sourceTree = BUILT_PRODUCTS_DIR; };
		3A6D93CE29E6F15800684108 /* CU_PlaygroundApp.swift */ = {isa = PBXFileReference; lastKnownFileType = sourcecode.swift; path = CU_PlaygroundApp.swift; sourceTree = "<group>"; };
		3A6D93D029E6F15800684108 /* ContentView.swift */ = {isa = PBXFileReference; lastKnownFileType = sourcecode.swift; path = ContentView.swift; sourceTree = "<group>"; };
		3A6D93D229E6F15900684108 /* Assets.xcassets */ = {isa = PBXFileReference; lastKnownFileType = folder.assetcatalog; path = Assets.xcassets; sourceTree = "<group>"; };
		3A6D93DB29E6F15900684108 /* CU-PlaygroundTests.xctest */ = {isa = PBXFileReference; explicitFileType = wrapper.cfbundle; includeInIndex = 0; path = "CU-PlaygroundTests.xctest"; sourceTree = BUILT_PRODUCTS_DIR; };
		3A6D93E529E6F15900684108 /* CU-PlaygroundUITests.xctest */ = {isa = PBXFileReference; explicitFileType = wrapper.cfbundle; includeInIndex = 0; path = "CU-PlaygroundUITests.xctest"; sourceTree = BUILT_PRODUCTS_DIR; };
		3A6D93F829E7B2AD00684108 /* Info.plist */ = {isa = PBXFileReference; lastKnownFileType = text.plist; path = Info.plist; sourceTree = "<group>"; };
/* End PBXFileReference section */

/* Begin PBXFrameworksBuildPhase section */
		3A6D93C829E6F15800684108 /* Frameworks */ = {
			isa = PBXFrameworksBuildPhase;
			buildActionMask = 2147483647;
			files = (
			);
			runOnlyForDeploymentPostprocessing = 0;
		};
		3A6D93D829E6F15900684108 /* Frameworks */ = {
			isa = PBXFrameworksBuildPhase;
			buildActionMask = 2147483647;
			files = (
			);
			runOnlyForDeploymentPostprocessing = 0;
		};
		3A6D93E229E6F15900684108 /* Frameworks */ = {
			isa = PBXFrameworksBuildPhase;
			buildActionMask = 2147483647;
			files = (
			);
			runOnlyForDeploymentPostprocessing = 0;
		};
/* End PBXFrameworksBuildPhase section */

/* Begin PBXGroup section */
		3A6D93C229E6F15800684108 = {
			isa = PBXGroup;
			children = (
				3A6D93CD29E6F15800684108 /* CU-Playground */,
				3A6D93CC29E6F15800684108 /* Products */,
			);
			sourceTree = "<group>";
		};
		3A6D93CC29E6F15800684108 /* Products */ = {
			isa = PBXGroup;
			children = (
				3A6D93CB29E6F15800684108 /* CU-Playground.app */,
				3A6D93DB29E6F15900684108 /* CU-PlaygroundTests.xctest */,
				3A6D93E529E6F15900684108 /* CU-PlaygroundUITests.xctest */,
			);
			name = Products;
			sourceTree = "<group>";
		};
		3A6D93CD29E6F15800684108 /* CU-Playground */ = {
			isa = PBXGroup;
			children = (
				3A6D93F829E7B2AD00684108 /* Info.plist */,
				3A6D93CE29E6F15800684108 /* CU_PlaygroundApp.swift */,
				3A6D93D029E6F15800684108 /* ContentView.swift */,
				3A6D93D229E6F15900684108 /* Assets.xcassets */,
			);
			path = "CU-Playground";
			sourceTree = "<group>";
		};
/* End PBXGroup section */

/* Begin PBXNativeTarget section */
		3A6D93CA29E6F15800684108 /* CU-Playground */ = {
			isa = PBXNativeTarget;
			buildConfigurationList = 3A6D93EF29E6F15900684108 /* Build configuration list for PBXNativeTarget "CU-Playground" */;
			buildPhases = (
				3A6D93C729E6F15800684108 /* Sources */,
				3A6D93C829E6F15800684108 /* Frameworks */,
				3A6D93C929E6F15800684108 /* Resources */,
			);
			buildRules = (
			);
			dependencies = (
			);
			name = "CU-Playground";
			productName = "CU-Playground";
			productReference = 3A6D93CB29E6F15800684108 /* CU-Playground.app */;
			productType = "com.apple.product-type.application";
		};
		3A6D93DA29E6F15900684108 /* CU-PlaygroundTests */ = {
			isa = PBXNativeTarget;
			buildConfigurationList = 3A6D93F229E6F15900684108 /* Build configuration list for PBXNativeTarget "CU-PlaygroundTests" */;
			buildPhases = (
				3A6D93D729E6F15900684108 /* Sources */,
				3A6D93D829E6F15900684108 /* Frameworks */,
				3A6D93D929E6F15900684108 /* Resources */,
			);
			buildRules = (
			);
			dependencies = (
				3A6D93DD29E6F15900684108 /* PBXTargetDependency */,
			);
			name = "CU-PlaygroundTests";
			productName = "CU-PlaygroundTests";
			productReference = 3A6D93DB29E6F15900684108 /* CU-PlaygroundTests.xctest */;
			productType = "com.apple.product-type.bundle.unit-test";
		};
		3A6D93E429E6F15900684108 /* CU-PlaygroundUITests */ = {
			isa = PBXNativeTarget;
			buildConfigurationList = 3A6D93F529E6F15900684108 /* Build configuration list for PBXNativeTarget "CU-PlaygroundUITests" */;
			buildPhases = (
				3A6D93E129E6F15900684108 /* Sources */,
				3A6D93E229E6F15900684108 /* Frameworks */,
				3A6D93E329E6F15900684108 /* Resources */,
			);
			buildRules = (
			);
			dependencies = (
				3A6D93E729E6F15900684108 /* PBXTargetDependency */,
			);
			name = "CU-PlaygroundUITests";
			productName = "CU-PlaygroundUITests";
			productReference = 3A6D93E529E6F15900684108 /* CU-PlaygroundUITests.xctest */;
			productType = "com.apple.product-type.bundle.ui-testing";
		};
/* End PBXNativeTarget section */

/* Begin PBXProject section */
		3A6D93C329E6F15800684108 /* Project object */ = {
			isa = PBXProject;
			attributes = {
				BuildIndependentTargetsInParallel = 1;
				LastSwiftUpdateCheck = 1430;
				LastUpgradeCheck = 1430;
				TargetAttributes = {
					3A6D93CA29E6F15800684108 = {
						CreatedOnToolsVersion = 14.3;
					};
					3A6D93DA29E6F15900684108 = {
						CreatedOnToolsVersion = 14.3;
						TestTargetID = 3A6D93CA29E6F15800684108;
					};
					3A6D93E429E6F15900684108 = {
						CreatedOnToolsVersion = 14.3;
						TestTargetID = 3A6D93CA29E6F15800684108;
					};
				};
			};
			buildConfigurationList = 3A6D93C629E6F15800684108 /* Build configuration list for PBXProject "CU-Playground" */;
			compatibilityVersion = "Xcode 14.0";
			developmentRegion = en;
			hasScannedForEncodings = 0;
			knownRegions = (
				en,
				Base,
			);
			mainGroup = 3A6D93C229E6F15800684108;
			productRefGroup = 3A6D93CC29E6F15800684108 /* Products */;
			projectDirPath = "";
			projectRoot = "";
			targets = (
				3A6D93CA29E6F15800684108 /* CU-Playground */,
				3A6D93DA29E6F15900684108 /* CU-PlaygroundTests */,
				3A6D93E429E6F15900684108 /* CU-PlaygroundUITests */,
			);
		};
/* End PBXProject section */

/* Begin PBXResourcesBuildPhase section */
		3A6D93C929E6F15800684108 /* Resources */ = {
			isa = PBXResourcesBuildPhase;
			buildActionMask = 2147483647;
			files = (
				3A6D93D329E6F15900684108 /* Assets.xcassets in Resources */,
			);
			runOnlyForDeploymentPostprocessing = 0;
		};
		3A6D93D929E6F15900684108 /* Resources */ = {
			isa = PBXResourcesBuildPhase;
			buildActionMask = 2147483647;
			files = (
			);
			runOnlyForDeploymentPostprocessing = 0;
		};
		3A6D93E329E6F15900684108 /* Resources */ = {
			isa = PBXResourcesBuildPhase;
			buildActionMask = 2147483647;
			files = (
			);
			runOnlyForDeploymentPostprocessing = 0;
		};
/* End PBXResourcesBuildPhase section */

/* Begin PBXSourcesBuildPhase section */
		3A6D93C729E6F15800684108 /* Sources */ = {
			isa = PBXSourcesBuildPhase;
			buildActionMask = 2147483647;
			files = (
				3A6D93D129E6F15800684108 /* ContentView.swift in Sources */,
				3A6D93CF29E6F15800684108 /* CU_PlaygroundApp.swift in Sources */,
			);
			runOnlyForDeploymentPostprocessing = 0;
		};
		3A6D93D729E6F15900684108 /* Sources */ = {
			isa = PBXSourcesBuildPhase;
			buildActionMask = 2147483647;
			files = (
			);
			runOnlyForDeploymentPostprocessing = 0;
		};
		3A6D93E129E6F15900684108 /* Sources */ = {
			isa = PBXSourcesBuildPhase;
			buildActionMask = 2147483647;
			files = (
			);
			runOnlyForDeploymentPostprocessing = 0;
		};
/* End PBXSourcesBuildPhase section */

/* Begin PBXTargetDependency section */
		3A6D93DD29E6F15900684108 /* PBXTargetDependency */ = {
			isa = PBXTargetDependency;
			target = 3A6D93CA29E6F15800684108 /* CU-Playground */;
			targetProxy = 3A6D93DC29E6F15900684108 /* PBXContainerItemProxy */;
		};
		3A6D93E729E6F15900684108 /* PBXTargetDependency */ = {
			isa = PBXTargetDependency;
			target = 3A6D93CA29E6F15800684108 /* CU-Playground */;
			targetProxy = 3A6D93E629E6F15900684108 /* PBXContainerItemProxy */;
		};
/* End PBXTargetDependency section */

/* Begin XCBuildConfiguration section */
		3A6D93ED29E6F15900684108 /* Debug */ = {
			isa = XCBuildConfiguration;
			buildSettings = {
				ALWAYS_SEARCH_USER_PATHS = NO;
				CLANG_ANALYZER_NONNULL = YES;
				CLANG_ANALYZER_NUMBER_OBJECT_CONVERSION = YES_AGGRESSIVE;
				CLANG_CXX_LANGUAGE_STANDARD = "gnu++20";
				CLANG_ENABLE_MODULES = YES;
				CLANG_ENABLE_OBJC_ARC = YES;
				CLANG_ENABLE_OBJC_WEAK = YES;
				CLANG_WARN_BLOCK_CAPTURE_AUTORELEASING = YES;
				CLANG_WARN_BOOL_CONVERSION = YES;
				CLANG_WARN_COMMA = YES;
				CLANG_WARN_CONSTANT_CONVERSION = YES;
				CLANG_WARN_DEPRECATED_OBJC_IMPLEMENTATIONS = YES;
				CLANG_WARN_DIRECT_OBJC_ISA_USAGE = YES_ERROR;
				CLANG_WARN_DOCUMENTATION_COMMENTS = YES;
				CLANG_WARN_EMPTY_BODY = YES;
				CLANG_WARN_ENUM_CONVERSION = YES;
				CLANG_WARN_INFINITE_RECURSION = YES;
				CLANG_WARN_INT_CONVERSION = YES;
				CLANG_WARN_NON_LITERAL_NULL_CONVERSION = YES;
				CLANG_WARN_OBJC_IMPLICIT_RETAIN_SELF = YES;
				CLANG_WARN_OBJC_LITERAL_CONVERSION = YES;
				CLANG_WARN_OBJC_ROOT_CLASS = YES_ERROR;
				CLANG_WARN_QUOTED_INCLUDE_IN_FRAMEWORK_HEADER = YES;
				CLANG_WARN_RANGE_LOOP_ANALYSIS = YES;
				CLANG_WARN_STRICT_PROTOTYPES = YES;
				CLANG_WARN_SUSPICIOUS_MOVE = YES;
				CLANG_WARN_UNGUARDED_AVAILABILITY = YES_AGGRESSIVE;
				CLANG_WARN_UNREACHABLE_CODE = YES;
				CLANG_WARN__DUPLICATE_METHOD_MATCH = YES;
				COPY_PHASE_STRIP = NO;
				DEBUG_INFORMATION_FORMAT = dwarf;
				ENABLE_STRICT_OBJC_MSGSEND = YES;
				ENABLE_TESTABILITY = YES;
				GCC_C_LANGUAGE_STANDARD = gnu11;
				GCC_DYNAMIC_NO_PIC = NO;
				GCC_NO_COMMON_BLOCKS = YES;
				GCC_OPTIMIZATION_LEVEL = 0;
				GCC_PREPROCESSOR_DEFINITIONS = (
					"DEBUG=1",
					"$(inherited)",
				);
				GCC_WARN_64_TO_32_BIT_CONVERSION = YES;
				GCC_WARN_ABOUT_RETURN_TYPE = YES_ERROR;
				GCC_WARN_UNDECLARED_SELECTOR = YES;
				GCC_WARN_UNINITIALIZED_AUTOS = YES_AGGRESSIVE;
				GCC_WARN_UNUSED_FUNCTION = YES;
				GCC_WARN_UNUSED_VARIABLE = YES;
				IPHONEOS_DEPLOYMENT_TARGET = 16.4;
				MTL_ENABLE_DEBUG_INFO = INCLUDE_SOURCE;
				MTL_FAST_MATH = YES;
				ONLY_ACTIVE_ARCH = YES;
				SDKROOT = iphoneos;
				SWIFT_ACTIVE_COMPILATION_CONDITIONS = DEBUG;
				SWIFT_OPTIMIZATION_LEVEL = "-Onone";
			};
			name = Debug;
		};
		3A6D93EE29E6F15900684108 /* Release */ = {
			isa = XCBuildConfiguration;
			buildSettings = {
				ALWAYS_SEARCH_USER_PATHS = NO;
				CLANG_ANALYZER_NONNULL = YES;
				CLANG_ANALYZER_NUMBER_OBJECT_CONVERSION = YES_AGGRESSIVE;
				CLANG_CXX_LANGUAGE_STANDARD = "gnu++20";
				CLANG_ENABLE_MODULES = YES;
				CLANG_ENABLE_OBJC_ARC = YES;
				CLANG_ENABLE_OBJC_WEAK = YES;
				CLANG_WARN_BLOCK_CAPTURE_AUTORELEASING = YES;
				CLANG_WARN_BOOL_CONVERSION = YES;
				CLANG_WARN_COMMA = YES;
				CLANG_WARN_CONSTANT_CONVERSION = YES;
				CLANG_WARN_DEPRECATED_OBJC_IMPLEMENTATIONS = YES;
				CLANG_WARN_DIRECT_OBJC_ISA_USAGE = YES_ERROR;
				CLANG_WARN_DOCUMENTATION_COMMENTS = YES;
				CLANG_WARN_EMPTY_BODY = YES;
				CLANG_WARN_ENUM_CONVERSION = YES;
				CLANG_WARN_INFINITE_RECURSION = YES;
				CLANG_WARN_INT_CONVERSION = YES;
				CLANG_WARN_NON_LITERAL_NULL_CONVERSION = YES;
				CLANG_WARN_OBJC_IMPLICIT_RETAIN_SELF = YES;
				CLANG_WARN_OBJC_LITERAL_CONVERSION = YES;
				CLANG_WARN_OBJC_ROOT_CLASS = YES_ERROR;
				CLANG_WARN_QUOTED_INCLUDE_IN_FRAMEWORK_HEADER = YES;
				CLANG_WARN_RANGE_LOOP_ANALYSIS = YES;
				CLANG_WARN_STRICT_PROTOTYPES = YES;
				CLANG_WARN_SUSPICIOUS_MOVE = YES;
				CLANG_WARN_UNGUARDED_AVAILABILITY = YES_AGGRESSIVE;
				CLANG_WARN_UNREACHABLE_CODE = YES;
				CLANG_WARN__DUPLICATE_METHOD_MATCH = YES;
				COPY_PHASE_STRIP = NO;
				DEBUG_INFORMATION_FORMAT = "dwarf-with-dsym";
				ENABLE_NS_ASSERTIONS = NO;
				ENABLE_STRICT_OBJC_MSGSEND = YES;
				GCC_C_LANGUAGE_STANDARD = gnu11;
				GCC_NO_COMMON_BLOCKS = YES;
				GCC_WARN_64_TO_32_BIT_CONVERSION = YES;
				GCC_WARN_ABOUT_RETURN_TYPE = YES_ERROR;
				GCC_WARN_UNDECLARED_SELECTOR = YES;
				GCC_WARN_UNINITIALIZED_AUTOS = YES_AGGRESSIVE;
				GCC_WARN_UNUSED_FUNCTION = YES;
				GCC_WARN_UNUSED_VARIABLE = YES;
				IPHONEOS_DEPLOYMENT_TARGET = 16.4;
				MTL_ENABLE_DEBUG_INFO = NO;
				MTL_FAST_MATH = YES;
				SDKROOT = iphoneos;
				SWIFT_COMPILATION_MODE = wholemodule;
				SWIFT_OPTIMIZATION_LEVEL = "-O";
				VALIDATE_PRODUCT = YES;
			};
			name = Release;
		};
		3A6D93F029E6F15900684108 /* Debug */ = {
			isa = XCBuildConfiguration;
			buildSettings = {
				ASSETCATALOG_COMPILER_APPICON_NAME = AppIcon;
				ASSETCATALOG_COMPILER_GLOBAL_ACCENT_COLOR_NAME = AccentColor;
				CODE_SIGN_STYLE = Automatic;
				CURRENT_PROJECT_VERSION = 1;
				DEVELOPMENT_ASSET_PATHS = "\"CU-Playground/Preview Content\"";
				DEVELOPMENT_TEAM = "";
				ENABLE_PREVIEWS = YES;
				GENERATE_INFOPLIST_FILE = YES;
				INFOPLIST_FILE = "CU-Playground/Info.plist";
				INFOPLIST_KEY_UIApplicationSceneManifest_Generation = YES;
				INFOPLIST_KEY_UIApplicationSupportsIndirectInputEvents = YES;
				INFOPLIST_KEY_UILaunchScreen_Generation = YES;
				INFOPLIST_KEY_UISupportedInterfaceOrientations_iPad = "UIInterfaceOrientationPortrait UIInterfaceOrientationPortraitUpsideDown UIInterfaceOrientationLandscapeLeft UIInterfaceOrientationLandscapeRight";
				INFOPLIST_KEY_UISupportedInterfaceOrientations_iPhone = "UIInterfaceOrientationPortrait UIInterfaceOrientationLandscapeLeft UIInterfaceOrientationLandscapeRight";
				IPHONEOS_DEPLOYMENT_TARGET = 14.7;
				LD_RUNPATH_SEARCH_PATHS = (
					"$(inherited)",
					"@executable_path/Frameworks",
				);
				MARKETING_VERSION = 1.0;
				PRODUCT_BUNDLE_IDENTIFIER = "strivve.CU-Playground";
				PRODUCT_NAME = "$(TARGET_NAME)";
				SWIFT_EMIT_LOC_STRINGS = YES;
				SWIFT_VERSION = 5.0;
				TARGETED_DEVICE_FAMILY = "1,2";
			};
			name = Debug;
		};
		3A6D93F129E6F15900684108 /* Release */ = {
			isa = XCBuildConfiguration;
			buildSettings = {
				ASSETCATALOG_COMPILER_APPICON_NAME = AppIcon;
				ASSETCATALOG_COMPILER_GLOBAL_ACCENT_COLOR_NAME = AccentColor;
				CODE_SIGN_STYLE = Automatic;
				CURRENT_PROJECT_VERSION = 1;
				DEVELOPMENT_ASSET_PATHS = "\"CU-Playground/Preview Content\"";
				DEVELOPMENT_TEAM = "";
				ENABLE_PREVIEWS = YES;
				GENERATE_INFOPLIST_FILE = YES;
				INFOPLIST_FILE = "CU-Playground/Info.plist";
				INFOPLIST_KEY_UIApplicationSceneManifest_Generation = YES;
				INFOPLIST_KEY_UIApplicationSupportsIndirectInputEvents = YES;
				INFOPLIST_KEY_UILaunchScreen_Generation = YES;
				INFOPLIST_KEY_UISupportedInterfaceOrientations_iPad = "UIInterfaceOrientationPortrait UIInterfaceOrientationPortraitUpsideDown UIInterfaceOrientationLandscapeLeft UIInterfaceOrientationLandscapeRight";
				INFOPLIST_KEY_UISupportedInterfaceOrientations_iPhone = "UIInterfaceOrientationPortrait UIInterfaceOrientationLandscapeLeft UIInterfaceOrientationLandscapeRight";
				IPHONEOS_DEPLOYMENT_TARGET = 14.7;
				LD_RUNPATH_SEARCH_PATHS = (
					"$(inherited)",
					"@executable_path/Frameworks",
				);
				MARKETING_VERSION = 1.0;
				PRODUCT_BUNDLE_IDENTIFIER = "strivve.CU-Playground";
				PRODUCT_NAME = "$(TARGET_NAME)";
				SWIFT_EMIT_LOC_STRINGS = YES;
				SWIFT_VERSION = 5.0;
				TARGETED_DEVICE_FAMILY = "1,2";
			};
			name = Release;
		};
		3A6D93F329E6F15900684108 /* Debug */ = {
			isa = XCBuildConfiguration;
			buildSettings = {
				ALWAYS_EMBED_SWIFT_STANDARD_LIBRARIES = YES;
				BUNDLE_LOADER = "$(TEST_HOST)";
				CODE_SIGN_STYLE = Automatic;
				CURRENT_PROJECT_VERSION = 1;
				DEVELOPMENT_TEAM = W2RR2A248V;
				GENERATE_INFOPLIST_FILE = YES;
				IPHONEOS_DEPLOYMENT_TARGET = 16.4;
				MARKETING_VERSION = 1.0;
				PRODUCT_BUNDLE_IDENTIFIER = "strivve.CU-PlaygroundTests";
				PRODUCT_NAME = "$(TARGET_NAME)";
				SWIFT_EMIT_LOC_STRINGS = NO;
				SWIFT_VERSION = 5.0;
				TARGETED_DEVICE_FAMILY = "1,2";
				TEST_HOST = "$(BUILT_PRODUCTS_DIR)/CU-Playground.app/$(BUNDLE_EXECUTABLE_FOLDER_PATH)/CU-Playground";
			};
			name = Debug;
		};
		3A6D93F429E6F15900684108 /* Release */ = {
			isa = XCBuildConfiguration;
			buildSettings = {
				ALWAYS_EMBED_SWIFT_STANDARD_LIBRARIES = YES;
				BUNDLE_LOADER = "$(TEST_HOST)";
				CODE_SIGN_STYLE = Automatic;
				CURRENT_PROJECT_VERSION = 1;
				DEVELOPMENT_TEAM = W2RR2A248V;
				GENERATE_INFOPLIST_FILE = YES;
				IPHONEOS_DEPLOYMENT_TARGET = 16.4;
				MARKETING_VERSION = 1.0;
				PRODUCT_BUNDLE_IDENTIFIER = "strivve.CU-PlaygroundTests";
				PRODUCT_NAME = "$(TARGET_NAME)";
				SWIFT_EMIT_LOC_STRINGS = NO;
				SWIFT_VERSION = 5.0;
				TARGETED_DEVICE_FAMILY = "1,2";
				TEST_HOST = "$(BUILT_PRODUCTS_DIR)/CU-Playground.app/$(BUNDLE_EXECUTABLE_FOLDER_PATH)/CU-Playground";
			};
			name = Release;
		};
		3A6D93F629E6F15900684108 /* Debug */ = {
			isa = XCBuildConfiguration;
			buildSettings = {
				ALWAYS_EMBED_SWIFT_STANDARD_LIBRARIES = YES;
				CODE_SIGN_STYLE = Automatic;
				CURRENT_PROJECT_VERSION = 1;
				DEVELOPMENT_TEAM = W2RR2A248V;
				GENERATE_INFOPLIST_FILE = YES;
				MARKETING_VERSION = 1.0;
				PRODUCT_BUNDLE_IDENTIFIER = "strivve.CU-PlaygroundUITests";
				PRODUCT_NAME = "$(TARGET_NAME)";
				SWIFT_EMIT_LOC_STRINGS = NO;
				SWIFT_VERSION = 5.0;
				TARGETED_DEVICE_FAMILY = "1,2";
				TEST_TARGET_NAME = "CU-Playground";
			};
			name = Debug;
		};
		3A6D93F729E6F15900684108 /* Release */ = {
			isa = XCBuildConfiguration;
			buildSettings = {
				ALWAYS_EMBED_SWIFT_STANDARD_LIBRARIES = YES;
				CODE_SIGN_STYLE = Automatic;
				CURRENT_PROJECT_VERSION = 1;
				DEVELOPMENT_TEAM = W2RR2A248V;
				GENERATE_INFOPLIST_FILE = YES;
				MARKETING_VERSION = 1.0;
				PRODUCT_BUNDLE_IDENTIFIER = "strivve.CU-PlaygroundUITests";
				PRODUCT_NAME = "$(TARGET_NAME)";
				SWIFT_EMIT_LOC_STRINGS = NO;
				SWIFT_VERSION = 5.0;
				TARGETED_DEVICE_FAMILY = "1,2";
				TEST_TARGET_NAME = "CU-Playground";
			};
			name = Release;
		};
/* End XCBuildConfiguration section */

/* Begin XCConfigurationList section */
		3A6D93C629E6F15800684108 /* Build configuration list for PBXProject "CU-Playground" */ = {
			isa = XCConfigurationList;
			buildConfigurations = (
				3A6D93ED29E6F15900684108 /* Debug */,
				3A6D93EE29E6F15900684108 /* Release */,
			);
			defaultConfigurationIsVisible = 0;
			defaultConfigurationName = Release;
		};
		3A6D93EF29E6F15900684108 /* Build configuration list for PBXNativeTarget "CU-Playground" */ = {
			isa = XCConfigurationList;
			buildConfigurations = (
				3A6D93F029E6F15900684108 /* Debug */,
				3A6D93F129E6F15900684108 /* Release */,
			);
			defaultConfigurationIsVisible = 0;
			defaultConfigurationName = Release;
		};
		3A6D93F229E6F15900684108 /* Build configuration list for PBXNativeTarget "CU-PlaygroundTests" */ = {
			isa = XCConfigurationList;
			buildConfigurations = (
				3A6D93F329E6F15900684108 /* Debug */,
				3A6D93F429E6F15900684108 /* Release */,
			);
			defaultConfigurationIsVisible = 0;
			defaultConfigurationName = Release;
		};
		3A6D93F529E6F15900684108 /* Build configuration list for PBXNativeTarget "CU-PlaygroundUITests" */ = {
			isa = XCConfigurationList;
			buildConfigurations = (
				3A6D93F629E6F15900684108 /* Debug */,
				3A6D93F729E6F15900684108 /* Release */,
			);
			defaultConfigurationIsVisible = 0;
			defaultConfigurationName = Release;
		};
/* End XCConfigurationList section */
	};
	rootObject = 3A6D93C329E6F15800684108 /* Project object */;
}
